
Microsoft Visual Studio Solution File, Format Version 12.00
# Visual Studio Version 17
VisualStudioVersion = 17.6.33829.357
MinimumVisualStudioVersion = 10.0.40219.1
Project("{9A19103F-16F7-4668-BE54-9A1E7A4F7556}") = "Sample", "Sample\Sample.csproj", "{7D4C9AB8-BE9F-4FB3-907A-A4107A49B10A}"
EndProject
Global
	GlobalSection(SolutionConfigurationPlatforms) = preSolution
		Debug|Any CPU = Debug|Any CPU
		Release|Any CPU = Release|Any CPU
	EndGlobalSection
	GlobalSection(ProjectConfigurationPlatforms) = postSolution
		{7D4C9AB8-BE9F-4FB3-907A-A4107A49B10A}.Debug|Any CPU.ActiveCfg = Debug|Any CPU
		{7D4C9AB8-BE9F-4FB3-907A-A4107A49B10A}.Debug|Any CPU.Build.0 = Debug|Any CPU
		{7D4C9AB8-BE9F-4FB3-907A-A4107A49B10A}.Release|Any CPU.ActiveCfg = Release|Any CPU
		{7D4C9AB8-BE9F-4FB3-907A-A4107A49B10A}.Release|Any CPU.Build.0 = Release|Any CPU
	EndGlobalSection
	GlobalSection(SolutionProperties) = preSolution
		HideSolutionNode = FALSE
	EndGlobalSection
	GlobalSection(ExtensibilityGlobals) = postSolution
		SolutionGuid = {7C6AEFBB-8B6B-47CD-89B8-C16522E610B2}
	EndGlobalSection
EndGlobal
